
Microsoft Visual Studio Solution File, Format Version 12.00
# Visual Studio Version 16
VisualStudioVersion = 16.0.30503.244
MinimumVisualStudioVersion = 10.0.40219.1
Project("{9A19103F-16F7-4668-BE54-9A1E7A4F7556}") = "1. Initial Setup", "ADO\1. Initial Setup.csproj", "{D07BAFAA-6A9A-4FDC-B887-A7EFBB0E5DAB}"
EndProject
Project("{9A19103F-16F7-4668-BE54-9A1E7A4F7556}") = "2. Villain Names", "2. Villain Names\2. Villain Names.csproj", "{62B921EC-BF1B-407B-A92E-C09E3D062E3B}"
EndProject
Project("{9A19103F-16F7-4668-BE54-9A1E7A4F7556}") = "3. Minion Names", "3. Minion Names\3. Minion Names.csproj", "{EC0F7C7B-C1E5-47D7-A0A7-8F00A9F6BA8F}"
EndProject
Project("{9A19103F-16F7-4668-BE54-9A1E7A4F7556}") = "4. Add Minion", "4. Add Minion\4. Add Minion.csproj", "{EDFCABA3-F159-43B6-B879-D758CE2D332E}"
EndProject
Project("{FAE04EC0-301F-11D3-BF4B-00C04F79EFBC}") = "5. Change Town Names Casing", "5. Change Town Names Casing\5. Change Town Names Casing.csproj", "{C6945A9E-86CB-4202-9F63-C7F5F40E4C73}"
EndProject
Project("{FAE04EC0-301F-11D3-BF4B-00C04F79EFBC}") = "6. Remove Villain", "6. Remove Villain\6. Remove Villain.csproj", "{CFC74144-980A-4288-BD30-F6F798886575}"
EndProject
Project("{FAE04EC0-301F-11D3-BF4B-00C04F79EFBC}") = "7. Print All Minion Names", "7. Print All Minion Names\7. Print All Minion Names.csproj", "{F316F29B-6577-4CEE-B5F1-3F5BA1AFBE1F}"
EndProject
Project("{FAE04EC0-301F-11D3-BF4B-00C04F79EFBC}") = "8. Increase Minion Age", "8. Increase Minion Age\8. Increase Minion Age.csproj", "{E109CAD0-2F81-4E49-83B2-C793F80A0BEA}"
EndProject
Project("{FAE04EC0-301F-11D3-BF4B-00C04F79EFBC}") = "9.Increase Age Stored Procedure", "9.Increase Age Stored Procedure\9.Increase Age Stored Procedure.csproj", "{20825D4D-6116-4E96-B51C-5892DBF47312}"
EndProject
Global
	GlobalSection(SolutionConfigurationPlatforms) = preSolution
		Debug|Any CPU = Debug|Any CPU
		Release|Any CPU = Release|Any CPU
	EndGlobalSection
	GlobalSection(ProjectConfigurationPlatforms) = postSolution
		{D07BAFAA-6A9A-4FDC-B887-A7EFBB0E5DAB}.Debug|Any CPU.ActiveCfg = Debug|Any CPU
		{D07BAFAA-6A9A-4FDC-B887-A7EFBB0E5DAB}.Debug|Any CPU.Build.0 = Debug|Any CPU
		{D07BAFAA-6A9A-4FDC-B887-A7EFBB0E5DAB}.Release|Any CPU.ActiveCfg = Release|Any CPU
		{D07BAFAA-6A9A-4FDC-B887-A7EFBB0E5DAB}.Release|Any CPU.Build.0 = Release|Any CPU
		{62B921EC-BF1B-407B-A92E-C09E3D062E3B}.Debug|Any CPU.ActiveCfg = Debug|Any CPU
		{62B921EC-BF1B-407B-A92E-C09E3D062E3B}.Debug|Any CPU.Build.0 = Debug|Any CPU
		{62B921EC-BF1B-407B-A92E-C09E3D062E3B}.Release|Any CPU.ActiveCfg = Release|Any CPU
		{62B921EC-BF1B-407B-A92E-C09E3D062E3B}.Release|Any CPU.Build.0 = Release|Any CPU
		{EC0F7C7B-C1E5-47D7-A0A7-8F00A9F6BA8F}.Debug|Any CPU.ActiveCfg = Debug|Any CPU
		{EC0F7C7B-C1E5-47D7-A0A7-8F00A9F6BA8F}.Debug|Any CPU.Build.0 = Debug|Any CPU
		{EC0F7C7B-C1E5-47D7-A0A7-8F00A9F6BA8F}.Release|Any CPU.ActiveCfg = Release|Any CPU
		{EC0F7C7B-C1E5-47D7-A0A7-8F00A9F6BA8F}.Release|Any CPU.Build.0 = Release|Any CPU
		{EDFCABA3-F159-43B6-B879-D758CE2D332E}.Debug|Any CPU.ActiveCfg = Debug|Any CPU
		{EDFCABA3-F159-43B6-B879-D758CE2D332E}.Debug|Any CPU.Build.0 = Debug|Any CPU
		{EDFCABA3-F159-43B6-B879-D758CE2D332E}.Release|Any CPU.ActiveCfg = Release|Any CPU
		{EDFCABA3-F159-43B6-B879-D758CE2D332E}.Release|Any CPU.Build.0 = Release|Any CPU
		{C6945A9E-86CB-4202-9F63-C7F5F40E4C73}.Debug|Any CPU.ActiveCfg = Debug|Any CPU
		{C6945A9E-86CB-4202-9F63-C7F5F40E4C73}.Debug|Any CPU.Build.0 = Debug|Any CPU
		{C6945A9E-86CB-4202-9F63-C7F5F40E4C73}.Release|Any CPU.ActiveCfg = Release|Any CPU
		{C6945A9E-86CB-4202-9F63-C7F5F40E4C73}.Release|Any CPU.Build.0 = Release|Any CPU
		{CFC74144-980A-4288-BD30-F6F798886575}.Debug|Any CPU.ActiveCfg = Debug|Any CPU
		{CFC74144-980A-4288-BD30-F6F798886575}.Debug|Any CPU.Build.0 = Debug|Any CPU
		{CFC74144-980A-4288-BD30-F6F798886575}.Release|Any CPU.ActiveCfg = Release|Any CPU
		{CFC74144-980A-4288-BD30-F6F798886575}.Release|Any CPU.Build.0 = Release|Any CPU
		{F316F29B-6577-4CEE-B5F1-3F5BA1AFBE1F}.Debug|Any CPU.ActiveCfg = Debug|Any CPU
		{F316F29B-6577-4CEE-B5F1-3F5BA1AFBE1F}.Debug|Any CPU.Build.0 = Debug|Any CPU
		{F316F29B-6577-4CEE-B5F1-3F5BA1AFBE1F}.Release|Any CPU.ActiveCfg = Release|Any CPU
		{F316F29B-6577-4CEE-B5F1-3F5BA1AFBE1F}.Release|Any CPU.Build.0 = Release|Any CPU
		{E109CAD0-2F81-4E49-83B2-C793F80A0BEA}.Debug|Any CPU.ActiveCfg = Debug|Any CPU
		{E109CAD0-2F81-4E49-83B2-C793F80A0BEA}.Debug|Any CPU.Build.0 = Debug|Any CPU
		{E109CAD0-2F81-4E49-83B2-C793F80A0BEA}.Release|Any CPU.ActiveCfg = Release|Any CPU
		{E109CAD0-2F81-4E49-83B2-C793F80A0BEA}.Release|Any CPU.Build.0 = Release|Any CPU
		{20825D4D-6116-4E96-B51C-5892DBF47312}.Debug|Any CPU.ActiveCfg = Debug|Any CPU
		{20825D4D-6116-4E96-B51C-5892DBF47312}.Debug|Any CPU.Build.0 = Debug|Any CPU
		{20825D4D-6116-4E96-B51C-5892DBF47312}.Release|Any CPU.ActiveCfg = Release|Any CPU
		{20825D4D-6116-4E96-B51C-5892DBF47312}.Release|Any CPU.Build.0 = Release|Any CPU
	EndGlobalSection
	GlobalSection(SolutionProperties) = preSolution
		HideSolutionNode = FALSE
	EndGlobalSection
	GlobalSection(ExtensibilityGlobals) = postSolution
		SolutionGuid = {A1B09627-9836-4C38-94F9-A18E10834F06}
	EndGlobalSection
EndGlobal
